// !$*UTF8*$!
{
	archiveVersion = 1;
	classes = {
	};
	objectVersion = 46;
	objects = {

/* Begin PBXBuildFile section */
		187731001E9292E0006B4BB2 /* Scene.swift in Sources */ = {isa = PBXBuildFile; fileRef = 187730FF1E9292E0006B4BB2 /* Scene.swift */; };
		189325571E9BD46A00E07909 /* GameManager.swift in Sources */ = {isa = PBXBuildFile; fileRef = 189325561E9BD46A00E07909 /* GameManager.swift */; };
		189BF8901E92B1C700532E27 /* Player.swift in Sources */ = {isa = PBXBuildFile; fileRef = 189BF88F1E92B1C700532E27 /* Player.swift */; };
		18BDBD751E76F8C600E13CD1 /* StartViewController.swift in Sources */ = {isa = PBXBuildFile; fileRef = 18BDBD741E76F8C600E13CD1 /* StartViewController.swift */; };
		18BDBD771E76FEDA00E13CD1 /* Button.swift in Sources */ = {isa = PBXBuildFile; fileRef = 18BDBD761E76FEDA00E13CD1 /* Button.swift */; };
		233DE4EE1E9C54AA00AF724B /* BattleMusic.mp3 in Resources */ = {isa = PBXBuildFile; fileRef = 233DE4EC1E9C54AA00AF724B /* BattleMusic.mp3 */; };
		233DE4EF1E9C54AA00AF724B /* MenuMusic.mp3 in Resources */ = {isa = PBXBuildFile; fileRef = 233DE4ED1E9C54AA00AF724B /* MenuMusic.mp3 */; };
		233DE4F41E9C578F00AF724B /* Attack.wav in Resources */ = {isa = PBXBuildFile; fileRef = 233DE4F01E9C578F00AF724B /* Attack.wav */; };
		233DE4F51E9C578F00AF724B /* Dizzy.wav in Resources */ = {isa = PBXBuildFile; fileRef = 233DE4F11E9C578F00AF724B /* Dizzy.wav */; };
		233DE4F61E9C578F00AF724B /* Dodge.wav in Resources */ = {isa = PBXBuildFile; fileRef = 233DE4F21E9C578F00AF724B /* Dodge.wav */; };
		233DE4F71E9C578F00AF724B /* Hit.wav in Resources */ = {isa = PBXBuildFile; fileRef = 233DE4F31E9C578F00AF724B /* Hit.wav */; };
		2350E3FE1E78961400E21D63 /* kenpixel_blocks.ttf in Resources */ = {isa = PBXBuildFile; fileRef = 2350E3FC1E78961400E21D63 /* kenpixel_blocks.ttf */; };
		2350E3FF1E78961400E21D63 /* kenvector_future_thin.ttf in Resources */ = {isa = PBXBuildFile; fileRef = 2350E3FD1E78961400E21D63 /* kenvector_future_thin.ttf */; };
		235D743B1E7A236A00DE916E /* UIVisualController.swift in Sources */ = {isa = PBXBuildFile; fileRef = 235D743A1E7A236A00DE916E /* UIVisualController.swift */; };
		235D743D1E7A327600DE916E /* PauseMenu.swift in Sources */ = {isa = PBXBuildFile; fileRef = 235D743C1E7A327600DE916E /* PauseMenu.swift */; };
		2390157D1E7C46930070E19E /* StartScene.sks in Resources */ = {isa = PBXBuildFile; fileRef = 2390157C1E7C46930070E19E /* StartScene.sks */; };
		2390157F1E7C52320070E19E /* StartScene.swift in Sources */ = {isa = PBXBuildFile; fileRef = 2390157E1E7C52320070E19E /* StartScene.swift */; };
		239015811E7C59E70070E19E /* MainMenu.swift in Sources */ = {isa = PBXBuildFile; fileRef = 239015801E7C59E70070E19E /* MainMenu.swift */; };
		23A8CFBC1E9ADB58000337BE /* BattleDizzy.sks in Resources */ = {isa = PBXBuildFile; fileRef = 23A8CFBB1E9ADB58000337BE /* BattleDizzy.sks */; };
		23A8CFBE1E9ADCAC000337BE /* BattleDodge.sks in Resources */ = {isa = PBXBuildFile; fileRef = 23A8CFBD1E9ADCAC000337BE /* BattleDodge.sks */; };
		23A8CFC01E9ADDEC000337BE /* BattleAttack.sks in Resources */ = {isa = PBXBuildFile; fileRef = 23A8CFBF1E9ADDEC000337BE /* BattleAttack.sks */; };
		23A8CFC21E9ADED0000337BE /* BattleHit.sks in Resources */ = {isa = PBXBuildFile; fileRef = 23A8CFC11E9ADED0000337BE /* BattleHit.sks */; };
		23A8CFC41E9AE02C000337BE /* ParticleEmitter.swift in Sources */ = {isa = PBXBuildFile; fileRef = 23A8CFC31E9AE02C000337BE /* ParticleEmitter.swift */; };
		23D2F09C1E9AC4B700963FB6 /* MainMenuRain.sks in Resources */ = {isa = PBXBuildFile; fileRef = 23D2F09B1E9AC4B700963FB6 /* MainMenuRain.sks */; };
		23D2F09E1E9ACE2300963FB6 /* MainMenuSpark.sks in Resources */ = {isa = PBXBuildFile; fileRef = 23D2F09D1E9ACE2300963FB6 /* MainMenuSpark.sks */; };
		23F490731E783944001F3249 /* ObserverSystem.swift in Sources */ = {isa = PBXBuildFile; fileRef = 23F490721E783944001F3249 /* ObserverSystem.swift */; };
		23F490751E783A58001F3249 /* UIObservable.swift in Sources */ = {isa = PBXBuildFile; fileRef = 23F490741E783A58001F3249 /* UIObservable.swift */; };
		23F490771E783F80001F3249 /* ObserverTestObject.swift in Sources */ = {isa = PBXBuildFile; fileRef = 23F490761E783F80001F3249 /* ObserverTestObject.swift */; };
		9865E8B01E74AAA900722B03 /* AppDelegate.swift in Sources */ = {isa = PBXBuildFile; fileRef = 9865E8AF1E74AAA900722B03 /* AppDelegate.swift */; };
		9865E8B21E74AAA900722B03 /* GameScene.sks in Resources */ = {isa = PBXBuildFile; fileRef = 9865E8B11E74AAA900722B03 /* GameScene.sks */; };
		9865E8B61E74AAA900722B03 /* GameScene.swift in Sources */ = {isa = PBXBuildFile; fileRef = 9865E8B51E74AAA900722B03 /* GameScene.swift */; };
		9865E8B81E74AAA900722B03 /* GameViewController.swift in Sources */ = {isa = PBXBuildFile; fileRef = 9865E8B71E74AAA900722B03 /* GameViewController.swift */; };
		9865E8BB1E74AAA900722B03 /* Main.storyboard in Resources */ = {isa = PBXBuildFile; fileRef = 9865E8B91E74AAA900722B03 /* Main.storyboard */; };
		9865E8BD1E74AAA900722B03 /* Assets.xcassets in Resources */ = {isa = PBXBuildFile; fileRef = 9865E8BC1E74AAA900722B03 /* Assets.xcassets */; };
		9865E8C01E74AAAA00722B03 /* LaunchScreen.storyboard in Resources */ = {isa = PBXBuildFile; fileRef = 9865E8BE1E74AAAA00722B03 /* LaunchScreen.storyboard */; };
		9865E8CB1E74AAAA00722B03 /* GAME3004Assignment3Tests.swift in Sources */ = {isa = PBXBuildFile; fileRef = 9865E8CA1E74AAAA00722B03 /* GAME3004Assignment3Tests.swift */; };
		9865E8D61E74AAAA00722B03 /* GAME3004Assignment3UITests.swift in Sources */ = {isa = PBXBuildFile; fileRef = 9865E8D51E74AAAA00722B03 /* GAME3004Assignment3UITests.swift */; };
/* End PBXBuildFile section */

/* Begin PBXContainerItemProxy section */
		9865E8C71E74AAAA00722B03 /* PBXContainerItemProxy */ = {
			isa = PBXContainerItemProxy;
			containerPortal = 9865E8A41E74AAA900722B03 /* Project object */;
			proxyType = 1;
			remoteGlobalIDString = 9865E8AB1E74AAA900722B03;
			remoteInfo = GAME3004Assignment3;
		};
		9865E8D21E74AAAA00722B03 /* PBXContainerItemProxy */ = {
			isa = PBXContainerItemProxy;
			containerPortal = 9865E8A41E74AAA900722B03 /* Project object */;
			proxyType = 1;
			remoteGlobalIDString = 9865E8AB1E74AAA900722B03;
			remoteInfo = GAME3004Assignment3;
		};
/* End PBXContainerItemProxy section */

/* Begin PBXFileReference section */
		187730FF1E9292E0006B4BB2 /* Scene.swift */ = {isa = PBXFileReference; fileEncoding = 4; lastKnownFileType = sourcecode.swift; path = Scene.swift; sourceTree = "<group>"; };
		189325561E9BD46A00E07909 /* GameManager.swift */ = {isa = PBXFileReference; fileEncoding = 4; lastKnownFileType = sourcecode.swift; path = GameManager.swift; sourceTree = "<group>"; };
		189BF88F1E92B1C700532E27 /* Player.swift */ = {isa = PBXFileReference; fileEncoding = 4; lastKnownFileType = sourcecode.swift; path = Player.swift; sourceTree = "<group>"; };
		18BDBD741E76F8C600E13CD1 /* StartViewController.swift */ = {isa = PBXFileReference; fileEncoding = 4; lastKnownFileType = sourcecode.swift; path = StartViewController.swift; sourceTree = "<group>"; };
		18BDBD761E76FEDA00E13CD1 /* Button.swift */ = {isa = PBXFileReference; fileEncoding = 4; lastKnownFileType = sourcecode.swift; path = Button.swift; sourceTree = "<group>"; };
		233DE4EC1E9C54AA00AF724B /* BattleMusic.mp3 */ = {isa = PBXFileReference; lastKnownFileType = audio.mp3; name = BattleMusic.mp3; path = GAME3004Assignment3/Audio/BattleMusic.mp3; sourceTree = "<group>"; };
		233DE4ED1E9C54AA00AF724B /* MenuMusic.mp3 */ = {isa = PBXFileReference; lastKnownFileType = audio.mp3; name = MenuMusic.mp3; path = GAME3004Assignment3/Audio/MenuMusic.mp3; sourceTree = "<group>"; };
		233DE4F01E9C578F00AF724B /* Attack.wav */ = {isa = PBXFileReference; lastKnownFileType = audio.wav; name = Attack.wav; path = GAME3004Assignment3/Audio/Attack.wav; sourceTree = "<group>"; };
		233DE4F11E9C578F00AF724B /* Dizzy.wav */ = {isa = PBXFileReference; lastKnownFileType = audio.wav; name = Dizzy.wav; path = GAME3004Assignment3/Audio/Dizzy.wav; sourceTree = "<group>"; };
		233DE4F21E9C578F00AF724B /* Dodge.wav */ = {isa = PBXFileReference; lastKnownFileType = audio.wav; name = Dodge.wav; path = GAME3004Assignment3/Audio/Dodge.wav; sourceTree = "<group>"; };
		233DE4F31E9C578F00AF724B /* Hit.wav */ = {isa = PBXFileReference; lastKnownFileType = audio.wav; name = Hit.wav; path = GAME3004Assignment3/Audio/Hit.wav; sourceTree = "<group>"; };
		2350E3FC1E78961400E21D63 /* kenpixel_blocks.ttf */ = {isa = PBXFileReference; lastKnownFileType = file; name = kenpixel_blocks.ttf; path = GAME3004Assignment3/Fonts/kenpixel_blocks.ttf; sourceTree = "<group>"; };
		2350E3FD1E78961400E21D63 /* kenvector_future_thin.ttf */ = {isa = PBXFileReference; lastKnownFileType = file; name = kenvector_future_thin.ttf; path = GAME3004Assignment3/Fonts/kenvector_future_thin.ttf; sourceTree = "<group>"; };
		235D743A1E7A236A00DE916E /* UIVisualController.swift */ = {isa = PBXFileReference; fileEncoding = 4; lastKnownFileType = sourcecode.swift; path = UIVisualController.swift; sourceTree = "<group>"; };
		235D743C1E7A327600DE916E /* PauseMenu.swift */ = {isa = PBXFileReference; fileEncoding = 4; lastKnownFileType = sourcecode.swift; path = PauseMenu.swift; sourceTree = "<group>"; };
		2390157C1E7C46930070E19E /* StartScene.sks */ = {isa = PBXFileReference; lastKnownFileType = file.sks; path = StartScene.sks; sourceTree = "<group>"; };
		2390157E1E7C52320070E19E /* StartScene.swift */ = {isa = PBXFileReference; fileEncoding = 4; lastKnownFileType = sourcecode.swift; path = StartScene.swift; sourceTree = "<group>"; };
		239015801E7C59E70070E19E /* MainMenu.swift */ = {isa = PBXFileReference; fileEncoding = 4; lastKnownFileType = sourcecode.swift; path = MainMenu.swift; sourceTree = "<group>"; };
		23A8CFBB1E9ADB58000337BE /* BattleDizzy.sks */ = {isa = PBXFileReference; lastKnownFileType = file.sks; path = BattleDizzy.sks; sourceTree = "<group>"; };
		23A8CFBD1E9ADCAC000337BE /* BattleDodge.sks */ = {isa = PBXFileReference; lastKnownFileType = file.sks; path = BattleDodge.sks; sourceTree = "<group>"; };
		23A8CFBF1E9ADDEC000337BE /* BattleAttack.sks */ = {isa = PBXFileReference; lastKnownFileType = file.sks; path = BattleAttack.sks; sourceTree = "<group>"; };
		23A8CFC11E9ADED0000337BE /* BattleHit.sks */ = {isa = PBXFileReference; lastKnownFileType = file.sks; path = BattleHit.sks; sourceTree = "<group>"; };
		23A8CFC31E9AE02C000337BE /* ParticleEmitter.swift */ = {isa = PBXFileReference; fileEncoding = 4; lastKnownFileType = sourcecode.swift; path = ParticleEmitter.swift; sourceTree = "<group>"; };
		23D2F09B1E9AC4B700963FB6 /* MainMenuRain.sks */ = {isa = PBXFileReference; lastKnownFileType = file.sks; path = MainMenuRain.sks; sourceTree = "<group>"; };
		23D2F09D1E9ACE2300963FB6 /* MainMenuSpark.sks */ = {isa = PBXFileReference; lastKnownFileType = file.sks; path = MainMenuSpark.sks; sourceTree = "<group>"; };
		23F490721E783944001F3249 /* ObserverSystem.swift */ = {isa = PBXFileReference; fileEncoding = 4; lastKnownFileType = sourcecode.swift; path = ObserverSystem.swift; sourceTree = "<group>"; };
		23F490741E783A58001F3249 /* UIObservable.swift */ = {isa = PBXFileReference; fileEncoding = 4; lastKnownFileType = sourcecode.swift; path = UIObservable.swift; sourceTree = "<group>"; };
		23F490761E783F80001F3249 /* ObserverTestObject.swift */ = {isa = PBXFileReference; fileEncoding = 4; lastKnownFileType = sourcecode.swift; path = ObserverTestObject.swift; sourceTree = "<group>"; };
		9865E8AC1E74AAA900722B03 /* GAME3004Assignment3.app */ = {isa = PBXFileReference; explicitFileType = wrapper.application; includeInIndex = 0; path = GAME3004Assignment3.app; sourceTree = BUILT_PRODUCTS_DIR; };
		9865E8AF1E74AAA900722B03 /* AppDelegate.swift */ = {isa = PBXFileReference; lastKnownFileType = sourcecode.swift; path = AppDelegate.swift; sourceTree = "<group>"; };
		9865E8B11E74AAA900722B03 /* GameScene.sks */ = {isa = PBXFileReference; lastKnownFileType = file.sks; path = GameScene.sks; sourceTree = "<group>"; };
		9865E8B51E74AAA900722B03 /* GameScene.swift */ = {isa = PBXFileReference; lastKnownFileType = sourcecode.swift; path = GameScene.swift; sourceTree = "<group>"; };
		9865E8B71E74AAA900722B03 /* GameViewController.swift */ = {isa = PBXFileReference; lastKnownFileType = sourcecode.swift; path = GameViewController.swift; sourceTree = "<group>"; };
		9865E8BA1E74AAA900722B03 /* Base */ = {isa = PBXFileReference; lastKnownFileType = file.storyboard; name = Base; path = Base.lproj/Main.storyboard; sourceTree = "<group>"; };
		9865E8BC1E74AAA900722B03 /* Assets.xcassets */ = {isa = PBXFileReference; lastKnownFileType = folder.assetcatalog; path = Assets.xcassets; sourceTree = "<group>"; };
		9865E8BF1E74AAAA00722B03 /* Base */ = {isa = PBXFileReference; lastKnownFileType = file.storyboard; name = Base; path = Base.lproj/LaunchScreen.storyboard; sourceTree = "<group>"; };
		9865E8C11E74AAAA00722B03 /* Info.plist */ = {isa = PBXFileReference; lastKnownFileType = text.plist.xml; path = Info.plist; sourceTree = "<group>"; };
		9865E8C61E74AAAA00722B03 /* GAME3004Assignment3Tests.xctest */ = {isa = PBXFileReference; explicitFileType = wrapper.cfbundle; includeInIndex = 0; path = GAME3004Assignment3Tests.xctest; sourceTree = BUILT_PRODUCTS_DIR; };
		9865E8CA1E74AAAA00722B03 /* GAME3004Assignment3Tests.swift */ = {isa = PBXFileReference; lastKnownFileType = sourcecode.swift; path = GAME3004Assignment3Tests.swift; sourceTree = "<group>"; };
		9865E8CC1E74AAAA00722B03 /* Info.plist */ = {isa = PBXFileReference; lastKnownFileType = text.plist.xml; path = Info.plist; sourceTree = "<group>"; };
		9865E8D11E74AAAA00722B03 /* GAME3004Assignment3UITests.xctest */ = {isa = PBXFileReference; explicitFileType = wrapper.cfbundle; includeInIndex = 0; path = GAME3004Assignment3UITests.xctest; sourceTree = BUILT_PRODUCTS_DIR; };
		9865E8D51E74AAAA00722B03 /* GAME3004Assignment3UITests.swift */ = {isa = PBXFileReference; lastKnownFileType = sourcecode.swift; path = GAME3004Assignment3UITests.swift; sourceTree = "<group>"; };
		9865E8D71E74AAAA00722B03 /* Info.plist */ = {isa = PBXFileReference; lastKnownFileType = text.plist.xml; path = Info.plist; sourceTree = "<group>"; };
/* End PBXFileReference section */

/* Begin PBXFrameworksBuildPhase section */
		9865E8A91E74AAA900722B03 /* Frameworks */ = {
			isa = PBXFrameworksBuildPhase;
			buildActionMask = 2147483647;
			files = (
			);
			runOnlyForDeploymentPostprocessing = 0;
		};
		9865E8C31E74AAAA00722B03 /* Frameworks */ = {
			isa = PBXFrameworksBuildPhase;
			buildActionMask = 2147483647;
			files = (
			);
			runOnlyForDeploymentPostprocessing = 0;
		};
		9865E8CE1E74AAAA00722B03 /* Frameworks */ = {
			isa = PBXFrameworksBuildPhase;
			buildActionMask = 2147483647;
			files = (
			);
			runOnlyForDeploymentPostprocessing = 0;
		};
/* End PBXFrameworksBuildPhase section */

/* Begin PBXGroup section */
		233C00541E7892EE000E2C10 /* Resources */ = {
			isa = PBXGroup;
			children = (
				233DE4EC1E9C54AA00AF724B /* BattleMusic.mp3 */,
				233DE4ED1E9C54AA00AF724B /* MenuMusic.mp3 */,
				233DE4F01E9C578F00AF724B /* Attack.wav */,
				233DE4F11E9C578F00AF724B /* Dizzy.wav */,
				233DE4F21E9C578F00AF724B /* Dodge.wav */,
				233DE4F31E9C578F00AF724B /* Hit.wav */,
				2350E3FC1E78961400E21D63 /* kenpixel_blocks.ttf */,
				2350E3FD1E78961400E21D63 /* kenvector_future_thin.ttf */,
			);
			name = Resources;
			sourceTree = "<group>";
		};
		23A8CFB61E9AD7EE000337BE /* Particles */ = {
			isa = PBXGroup;
			children = (
				23D2F09B1E9AC4B700963FB6 /* MainMenuRain.sks */,
				23D2F09D1E9ACE2300963FB6 /* MainMenuSpark.sks */,
				23A8CFBB1E9ADB58000337BE /* BattleDizzy.sks */,
				23A8CFBD1E9ADCAC000337BE /* BattleDodge.sks */,
				23A8CFBF1E9ADDEC000337BE /* BattleAttack.sks */,
				23A8CFC11E9ADED0000337BE /* BattleHit.sks */,
			);
			name = Particles;
			sourceTree = "<group>";
		};
		23A8CFC51E9AF772000337BE /* Scenes */ = {
			isa = PBXGroup;
			children = (
				9865E8B71E74AAA900722B03 /* GameViewController.swift */,
				2390157C1E7C46930070E19E /* StartScene.sks */,
				2390157E1E7C52320070E19E /* StartScene.swift */,
				9865E8B11E74AAA900722B03 /* GameScene.sks */,
				9865E8B51E74AAA900722B03 /* GameScene.swift */,
			);
			name = Scenes;
			sourceTree = "<group>";
		};
		23A8CFC61E9AF7B6000337BE /* Scene_UI_Control */ = {
			isa = PBXGroup;
			children = (
				235D743A1E7A236A00DE916E /* UIVisualController.swift */,
				235D743C1E7A327600DE916E /* PauseMenu.swift */,
				239015801E7C59E70070E19E /* MainMenu.swift */,
			);
			name = Scene_UI_Control;
			sourceTree = "<group>";
		};
		23A8CFC71E9AF820000337BE /* BaseClasses */ = {
			isa = PBXGroup;
			children = (
				189BF88F1E92B1C700532E27 /* Player.swift */,
				18BDBD761E76FEDA00E13CD1 /* Button.swift */,
				23F490721E783944001F3249 /* ObserverSystem.swift */,
				23F490741E783A58001F3249 /* UIObservable.swift */,
				23F490761E783F80001F3249 /* ObserverTestObject.swift */,
				187730FF1E9292E0006B4BB2 /* Scene.swift */,
				23A8CFC31E9AE02C000337BE /* ParticleEmitter.swift */,
				189325561E9BD46A00E07909 /* GameManager.swift */,
			);
			name = BaseClasses;
			sourceTree = "<group>";
		};
		9865E8A31E74AAA900722B03 = {
			isa = PBXGroup;
			children = (
				233C00541E7892EE000E2C10 /* Resources */,
				9865E8AE1E74AAA900722B03 /* GAME3004Assignment3 */,
				9865E8C91E74AAAA00722B03 /* GAME3004Assignment3Tests */,
				9865E8D41E74AAAA00722B03 /* GAME3004Assignment3UITests */,
				9865E8AD1E74AAA900722B03 /* Products */,
			);
			sourceTree = "<group>";
		};
		9865E8AD1E74AAA900722B03 /* Products */ = {
			isa = PBXGroup;
			children = (
				9865E8AC1E74AAA900722B03 /* GAME3004Assignment3.app */,
				9865E8C61E74AAAA00722B03 /* GAME3004Assignment3Tests.xctest */,
				9865E8D11E74AAAA00722B03 /* GAME3004Assignment3UITests.xctest */,
			);
			name = Products;
			sourceTree = "<group>";
		};
		9865E8AE1E74AAA900722B03 /* GAME3004Assignment3 */ = {
			isa = PBXGroup;
			children = (
				23A8CFC51E9AF772000337BE /* Scenes */,
				23A8CFC61E9AF7B6000337BE /* Scene_UI_Control */,
				23A8CFC71E9AF820000337BE /* BaseClasses */,
				23A8CFB61E9AD7EE000337BE /* Particles */,
				9865E8AF1E74AAA900722B03 /* AppDelegate.swift */,
				9865E8BC1E74AAA900722B03 /* Assets.xcassets */,
				9865E8C11E74AAAA00722B03 /* Info.plist */,
				9865E8BE1E74AAAA00722B03 /* LaunchScreen.storyboard */,
				9865E8B91E74AAA900722B03 /* Main.storyboard */,
				18BDBD741E76F8C600E13CD1 /* StartViewController.swift */,
			);
			path = GAME3004Assignment3;
			sourceTree = "<group>";
		};
		9865E8C91E74AAAA00722B03 /* GAME3004Assignment3Tests */ = {
			isa = PBXGroup;
			children = (
				9865E8CA1E74AAAA00722B03 /* GAME3004Assignment3Tests.swift */,
				9865E8CC1E74AAAA00722B03 /* Info.plist */,
			);
			path = GAME3004Assignment3Tests;
			sourceTree = "<group>";
		};
		9865E8D41E74AAAA00722B03 /* GAME3004Assignment3UITests */ = {
			isa = PBXGroup;
			children = (
				9865E8D51E74AAAA00722B03 /* GAME3004Assignment3UITests.swift */,
				9865E8D71E74AAAA00722B03 /* Info.plist */,
			);
			path = GAME3004Assignment3UITests;
			sourceTree = "<group>";
		};
/* End PBXGroup section */

/* Begin PBXNativeTarget section */
		9865E8AB1E74AAA900722B03 /* GAME3004Assignment3 */ = {
			isa = PBXNativeTarget;
			buildConfigurationList = 9865E8DA1E74AAAA00722B03 /* Build configuration list for PBXNativeTarget "GAME3004Assignment3" */;
			buildPhases = (
				9865E8A81E74AAA900722B03 /* Sources */,
				9865E8A91E74AAA900722B03 /* Frameworks */,
				9865E8AA1E74AAA900722B03 /* Resources */,
			);
			buildRules = (
			);
			dependencies = (
			);
			name = GAME3004Assignment3;
			productName = GAME3004Assignment3;
			productReference = 9865E8AC1E74AAA900722B03 /* GAME3004Assignment3.app */;
			productType = "com.apple.product-type.application";
		};
		9865E8C51E74AAAA00722B03 /* GAME3004Assignment3Tests */ = {
			isa = PBXNativeTarget;
			buildConfigurationList = 9865E8DD1E74AAAA00722B03 /* Build configuration list for PBXNativeTarget "GAME3004Assignment3Tests" */;
			buildPhases = (
				9865E8C21E74AAAA00722B03 /* Sources */,
				9865E8C31E74AAAA00722B03 /* Frameworks */,
				9865E8C41E74AAAA00722B03 /* Resources */,
			);
			buildRules = (
			);
			dependencies = (
				9865E8C81E74AAAA00722B03 /* PBXTargetDependency */,
			);
			name = GAME3004Assignment3Tests;
			productName = GAME3004Assignment3Tests;
			productReference = 9865E8C61E74AAAA00722B03 /* GAME3004Assignment3Tests.xctest */;
			productType = "com.apple.product-type.bundle.unit-test";
		};
		9865E8D01E74AAAA00722B03 /* GAME3004Assignment3UITests */ = {
			isa = PBXNativeTarget;
			buildConfigurationList = 9865E8E01E74AAAA00722B03 /* Build configuration list for PBXNativeTarget "GAME3004Assignment3UITests" */;
			buildPhases = (
				9865E8CD1E74AAAA00722B03 /* Sources */,
				9865E8CE1E74AAAA00722B03 /* Frameworks */,
				9865E8CF1E74AAAA00722B03 /* Resources */,
			);
			buildRules = (
			);
			dependencies = (
				9865E8D31E74AAAA00722B03 /* PBXTargetDependency */,
			);
			name = GAME3004Assignment3UITests;
			productName = GAME3004Assignment3UITests;
			productReference = 9865E8D11E74AAAA00722B03 /* GAME3004Assignment3UITests.xctest */;
			productType = "com.apple.product-type.bundle.ui-testing";
		};
/* End PBXNativeTarget section */

/* Begin PBXProject section */
		9865E8A41E74AAA900722B03 /* Project object */ = {
			isa = PBXProject;
			attributes = {
				LastSwiftUpdateCheck = 0810;
				LastUpgradeCheck = 0810;
				ORGANIZATIONNAME = "Christopher Aytona";
				TargetAttributes = {
					9865E8AB1E74AAA900722B03 = {
						CreatedOnToolsVersion = 8.1;
						DevelopmentTeam = 44JW5262XQ;
						ProvisioningStyle = Automatic;
					};
					9865E8C51E74AAAA00722B03 = {
						CreatedOnToolsVersion = 8.1;
						ProvisioningStyle = Automatic;
						TestTargetID = 9865E8AB1E74AAA900722B03;
					};
					9865E8D01E74AAAA00722B03 = {
						CreatedOnToolsVersion = 8.1;
						ProvisioningStyle = Automatic;
						TestTargetID = 9865E8AB1E74AAA900722B03;
					};
				};
			};
			buildConfigurationList = 9865E8A71E74AAA900722B03 /* Build configuration list for PBXProject "GAME3004Assignment3" */;
			compatibilityVersion = "Xcode 3.2";
			developmentRegion = English;
			hasScannedForEncodings = 0;
			knownRegions = (
				en,
				Base,
			);
			mainGroup = 9865E8A31E74AAA900722B03;
			productRefGroup = 9865E8AD1E74AAA900722B03 /* Products */;
			projectDirPath = "";
			projectRoot = "";
			targets = (
				9865E8AB1E74AAA900722B03 /* GAME3004Assignment3 */,
				9865E8C51E74AAAA00722B03 /* GAME3004Assignment3Tests */,
				9865E8D01E74AAAA00722B03 /* GAME3004Assignment3UITests */,
			);
		};
/* End PBXProject section */

/* Begin PBXResourcesBuildPhase section */
		9865E8AA1E74AAA900722B03 /* Resources */ = {
			isa = PBXResourcesBuildPhase;
			buildActionMask = 2147483647;
			files = (
				23D2F09C1E9AC4B700963FB6 /* MainMenuRain.sks in Resources */,
				23A8CFBE1E9ADCAC000337BE /* BattleDodge.sks in Resources */,
				233DE4F61E9C578F00AF724B /* Dodge.wav in Resources */,
				233DE4F71E9C578F00AF724B /* Hit.wav in Resources */,
				9865E8BB1E74AAA900722B03 /* Main.storyboard in Resources */,
				2390157D1E7C46930070E19E /* StartScene.sks in Resources */,
				233DE4EF1E9C54AA00AF724B /* MenuMusic.mp3 in Resources */,
				9865E8B21E74AAA900722B03 /* GameScene.sks in Resources */,
				233DE4F41E9C578F00AF724B /* Attack.wav in Resources */,
				2350E3FF1E78961400E21D63 /* kenvector_future_thin.ttf in Resources */,
				23A8CFC21E9ADED0000337BE /* BattleHit.sks in Resources */,
				9865E8BD1E74AAA900722B03 /* Assets.xcassets in Resources */,
				9865E8C01E74AAAA00722B03 /* LaunchScreen.storyboard in Resources */,
				23A8CFC01E9ADDEC000337BE /* BattleAttack.sks in Resources */,
				23A8CFBC1E9ADB58000337BE /* BattleDizzy.sks in Resources */,
				23D2F09E1E9ACE2300963FB6 /* MainMenuSpark.sks in Resources */,
				2350E3FE1E78961400E21D63 /* kenpixel_blocks.ttf in Resources */,
				233DE4EE1E9C54AA00AF724B /* BattleMusic.mp3 in Resources */,
				233DE4F51E9C578F00AF724B /* Dizzy.wav in Resources */,
			);
			runOnlyForDeploymentPostprocessing = 0;
		};
		9865E8C41E74AAAA00722B03 /* Resources */ = {
			isa = PBXResourcesBuildPhase;
			buildActionMask = 2147483647;
			files = (
			);
			runOnlyForDeploymentPostprocessing = 0;
		};
		9865E8CF1E74AAAA00722B03 /* Resources */ = {
			isa = PBXResourcesBuildPhase;
			buildActionMask = 2147483647;
			files = (
			);
			runOnlyForDeploymentPostprocessing = 0;
		};
/* End PBXResourcesBuildPhase section */

/* Begin PBXSourcesBuildPhase section */
		9865E8A81E74AAA900722B03 /* Sources */ = {
			isa = PBXSourcesBuildPhase;
			buildActionMask = 2147483647;
			files = (
				18BDBD771E76FEDA00E13CD1 /* Button.swift in Sources */,
				189325571E9BD46A00E07909 /* GameManager.swift in Sources */,
				9865E8B61E74AAA900722B03 /* GameScene.swift in Sources */,
				23F490771E783F80001F3249 /* ObserverTestObject.swift in Sources */,
				235D743B1E7A236A00DE916E /* UIVisualController.swift in Sources */,
				189BF8901E92B1C700532E27 /* Player.swift in Sources */,
				187731001E9292E0006B4BB2 /* Scene.swift in Sources */,
				18BDBD751E76F8C600E13CD1 /* StartViewController.swift in Sources */,
				23F490751E783A58001F3249 /* UIObservable.swift in Sources */,
				9865E8B81E74AAA900722B03 /* GameViewController.swift in Sources */,
				239015811E7C59E70070E19E /* MainMenu.swift in Sources */,
				235D743D1E7A327600DE916E /* PauseMenu.swift in Sources */,
				23A8CFC41E9AE02C000337BE /* ParticleEmitter.swift in Sources */,
				23F490731E783944001F3249 /* ObserverSystem.swift in Sources */,
				9865E8B01E74AAA900722B03 /* AppDelegate.swift in Sources */,
				2390157F1E7C52320070E19E /* StartScene.swift in Sources */,
			);
			runOnlyForDeploymentPostprocessing = 0;
		};
		9865E8C21E74AAAA00722B03 /* Sources */ = {
			isa = PBXSourcesBuildPhase;
			buildActionMask = 2147483647;
			files = (
				9865E8CB1E74AAAA00722B03 /* GAME3004Assignment3Tests.swift in Sources */,
			);
			runOnlyForDeploymentPostprocessing = 0;
		};
		9865E8CD1E74AAAA00722B03 /* Sources */ = {
			isa = PBXSourcesBuildPhase;
			buildActionMask = 2147483647;
			files = (
				9865E8D61E74AAAA00722B03 /* GAME3004Assignment3UITests.swift in Sources */,
			);
			runOnlyForDeploymentPostprocessing = 0;
		};
/* End PBXSourcesBuildPhase section */

/* Begin PBXTargetDependency section */
		9865E8C81E74AAAA00722B03 /* PBXTargetDependency */ = {
			isa = PBXTargetDependency;
			target = 9865E8AB1E74AAA900722B03 /* GAME3004Assignment3 */;
			targetProxy = 9865E8C71E74AAAA00722B03 /* PBXContainerItemProxy */;
		};
		9865E8D31E74AAAA00722B03 /* PBXTargetDependency */ = {
			isa = PBXTargetDependency;
			target = 9865E8AB1E74AAA900722B03 /* GAME3004Assignment3 */;
			targetProxy = 9865E8D21E74AAAA00722B03 /* PBXContainerItemProxy */;
		};
/* End PBXTargetDependency section */

/* Begin PBXVariantGroup section */
		9865E8B91E74AAA900722B03 /* Main.storyboard */ = {
			isa = PBXVariantGroup;
			children = (
				9865E8BA1E74AAA900722B03 /* Base */,
			);
			name = Main.storyboard;
			sourceTree = "<group>";
		};
		9865E8BE1E74AAAA00722B03 /* LaunchScreen.storyboard */ = {
			isa = PBXVariantGroup;
			children = (
				9865E8BF1E74AAAA00722B03 /* Base */,
			);
			name = LaunchScreen.storyboard;
			sourceTree = "<group>";
		};
/* End PBXVariantGroup section */

/* Begin XCBuildConfiguration section */
		9865E8D81E74AAAA00722B03 /* Debug */ = {
			isa = XCBuildConfiguration;
			buildSettings = {
				ALWAYS_SEARCH_USER_PATHS = NO;
				CLANG_ANALYZER_NONNULL = YES;
				CLANG_CXX_LANGUAGE_STANDARD = "gnu++0x";
				CLANG_CXX_LIBRARY = "libc++";
				CLANG_ENABLE_MODULES = YES;
				CLANG_ENABLE_OBJC_ARC = YES;
				CLANG_WARN_BOOL_CONVERSION = YES;
				CLANG_WARN_CONSTANT_CONVERSION = YES;
				CLANG_WARN_DIRECT_OBJC_ISA_USAGE = YES_ERROR;
				CLANG_WARN_DOCUMENTATION_COMMENTS = YES;
				CLANG_WARN_EMPTY_BODY = YES;
				CLANG_WARN_ENUM_CONVERSION = YES;
				CLANG_WARN_INFINITE_RECURSION = YES;
				CLANG_WARN_INT_CONVERSION = YES;
				CLANG_WARN_OBJC_ROOT_CLASS = YES_ERROR;
				CLANG_WARN_SUSPICIOUS_MOVES = YES;
				CLANG_WARN_UNREACHABLE_CODE = YES;
				CLANG_WARN__DUPLICATE_METHOD_MATCH = YES;
				"CODE_SIGN_IDENTITY[sdk=iphoneos*]" = "iPhone Developer";
				COPY_PHASE_STRIP = NO;
				DEBUG_INFORMATION_FORMAT = dwarf;
				ENABLE_STRICT_OBJC_MSGSEND = YES;
				ENABLE_TESTABILITY = YES;
				GCC_C_LANGUAGE_STANDARD = gnu99;
				GCC_DYNAMIC_NO_PIC = NO;
				GCC_NO_COMMON_BLOCKS = YES;
				GCC_OPTIMIZATION_LEVEL = 0;
				GCC_PREPROCESSOR_DEFINITIONS = (
					"DEBUG=1",
					"$(inherited)",
				);
				GCC_WARN_64_TO_32_BIT_CONVERSION = YES;
				GCC_WARN_ABOUT_RETURN_TYPE = YES_ERROR;
				GCC_WARN_UNDECLARED_SELECTOR = YES;
				GCC_WARN_UNINITIALIZED_AUTOS = YES_AGGRESSIVE;
				GCC_WARN_UNUSED_FUNCTION = YES;
				GCC_WARN_UNUSED_VARIABLE = YES;
				IPHONEOS_DEPLOYMENT_TARGET = 10.1;
				MTL_ENABLE_DEBUG_INFO = YES;
				ONLY_ACTIVE_ARCH = YES;
				SDKROOT = iphoneos;
				SWIFT_ACTIVE_COMPILATION_CONDITIONS = DEBUG;
				SWIFT_OPTIMIZATION_LEVEL = "-Onone";
				TARGETED_DEVICE_FAMILY = "1,2";
			};
			name = Debug;
		};
		9865E8D91E74AAAA00722B03 /* Release */ = {
			isa = XCBuildConfiguration;
			buildSettings = {
				ALWAYS_SEARCH_USER_PATHS = NO;
				CLANG_ANALYZER_NONNULL = YES;
				CLANG_CXX_LANGUAGE_STANDARD = "gnu++0x";
				CLANG_CXX_LIBRARY = "libc++";
				CLANG_ENABLE_MODULES = YES;
				CLANG_ENABLE_OBJC_ARC = YES;
				CLANG_WARN_BOOL_CONVERSION = YES;
				CLANG_WARN_CONSTANT_CONVERSION = YES;
				CLANG_WARN_DIRECT_OBJC_ISA_USAGE = YES_ERROR;
				CLANG_WARN_DOCUMENTATION_COMMENTS = YES;
				CLANG_WARN_EMPTY_BODY = YES;
				CLANG_WARN_ENUM_CONVERSION = YES;
				CLANG_WARN_INFINITE_RECURSION = YES;
				CLANG_WARN_INT_CONVERSION = YES;
				CLANG_WARN_OBJC_ROOT_CLASS = YES_ERROR;
				CLANG_WARN_SUSPICIOUS_MOVES = YES;
				CLANG_WARN_UNREACHABLE_CODE = YES;
				CLANG_WARN__DUPLICATE_METHOD_MATCH = YES;
				"CODE_SIGN_IDENTITY[sdk=iphoneos*]" = "iPhone Developer";
				COPY_PHASE_STRIP = NO;
				DEBUG_INFORMATION_FORMAT = "dwarf-with-dsym";
				ENABLE_NS_ASSERTIONS = NO;
				ENABLE_STRICT_OBJC_MSGSEND = YES;
				GCC_C_LANGUAGE_STANDARD = gnu99;
				GCC_NO_COMMON_BLOCKS = YES;
				GCC_WARN_64_TO_32_BIT_CONVERSION = YES;
				GCC_WARN_ABOUT_RETURN_TYPE = YES_ERROR;
				GCC_WARN_UNDECLARED_SELECTOR = YES;
				GCC_WARN_UNINITIALIZED_AUTOS = YES_AGGRESSIVE;
				GCC_WARN_UNUSED_FUNCTION = YES;
				GCC_WARN_UNUSED_VARIABLE = YES;
				IPHONEOS_DEPLOYMENT_TARGET = 10.1;
				MTL_ENABLE_DEBUG_INFO = NO;
				SDKROOT = iphoneos;
				SWIFT_OPTIMIZATION_LEVEL = "-Owholemodule";
				TARGETED_DEVICE_FAMILY = "1,2";
				VALIDATE_PRODUCT = YES;
			};
			name = Release;
		};
		9865E8DB1E74AAAA00722B03 /* Debug */ = {
			isa = XCBuildConfiguration;
			buildSettings = {
				ASSETCATALOG_COMPILER_APPICON_NAME = AppIcon;
				ASSETCATALOG_COMPILER_LAUNCHIMAGE_NAME = LaunchImage;
				DEVELOPMENT_TEAM = 44JW5262XQ;
				INFOPLIST_FILE = GAME3004Assignment3/Info.plist;
				LD_RUNPATH_SEARCH_PATHS = "$(inherited) @executable_path/Frameworks";
				PRODUCT_BUNDLE_IDENTIFIER = Aytona.PocketBattle2;
				PRODUCT_NAME = "$(TARGET_NAME)";
				SWIFT_VERSION = 3.0;
			};
			name = Debug;
		};
		9865E8DC1E74AAAA00722B03 /* Release */ = {
			isa = XCBuildConfiguration;
			buildSettings = {
				ASSETCATALOG_COMPILER_APPICON_NAME = AppIcon;
				ASSETCATALOG_COMPILER_LAUNCHIMAGE_NAME = LaunchImage;
				DEVELOPMENT_TEAM = 44JW5262XQ;
				INFOPLIST_FILE = GAME3004Assignment3/Info.plist;
				LD_RUNPATH_SEARCH_PATHS = "$(inherited) @executable_path/Frameworks";
				PRODUCT_BUNDLE_IDENTIFIER = Aytona.PocketBattle2;
				PRODUCT_NAME = "$(TARGET_NAME)";
				SWIFT_VERSION = 3.0;
			};
			name = Release;
		};
		9865E8DE1E74AAAA00722B03 /* Debug */ = {
			isa = XCBuildConfiguration;
			buildSettings = {
				ALWAYS_EMBED_SWIFT_STANDARD_LIBRARIES = YES;
				BUNDLE_LOADER = "$(TEST_HOST)";
				INFOPLIST_FILE = GAME3004Assignment3Tests/Info.plist;
				LD_RUNPATH_SEARCH_PATHS = "$(inherited) @executable_path/Frameworks @loader_path/Frameworks";
				PRODUCT_BUNDLE_IDENTIFIER = Aytona.GAME3004Assignment3Tests;
				PRODUCT_NAME = "$(TARGET_NAME)";
				SWIFT_VERSION = 3.0;
				TEST_HOST = "$(BUILT_PRODUCTS_DIR)/GAME3004Assignment3.app/GAME3004Assignment3";
			};
			name = Debug;
		};
		9865E8DF1E74AAAA00722B03 /* Release */ = {
			isa = XCBuildConfiguration;
			buildSettings = {
				ALWAYS_EMBED_SWIFT_STANDARD_LIBRARIES = YES;
				BUNDLE_LOADER = "$(TEST_HOST)";
				INFOPLIST_FILE = GAME3004Assignment3Tests/Info.plist;
				LD_RUNPATH_SEARCH_PATHS = "$(inherited) @executable_path/Frameworks @loader_path/Frameworks";
				PRODUCT_BUNDLE_IDENTIFIER = Aytona.GAME3004Assignment3Tests;
				PRODUCT_NAME = "$(TARGET_NAME)";
				SWIFT_VERSION = 3.0;
				TEST_HOST = "$(BUILT_PRODUCTS_DIR)/GAME3004Assignment3.app/GAME3004Assignment3";
			};
			name = Release;
		};
		9865E8E11E74AAAA00722B03 /* Debug */ = {
			isa = XCBuildConfiguration;
			buildSettings = {
				ALWAYS_EMBED_SWIFT_STANDARD_LIBRARIES = YES;
				INFOPLIST_FILE = GAME3004Assignment3UITests/Info.plist;
				LD_RUNPATH_SEARCH_PATHS = "$(inherited) @executable_path/Frameworks @loader_path/Frameworks";
				PRODUCT_BUNDLE_IDENTIFIER = Aytona.GAME3004Assignment3UITests;
				PRODUCT_NAME = "$(TARGET_NAME)";
				SWIFT_VERSION = 3.0;
				TEST_TARGET_NAME = GAME3004Assignment3;
			};
			name = Debug;
		};
		9865E8E21E74AAAA00722B03 /* Release */ = {
			isa = XCBuildConfiguration;
			buildSettings = {
				ALWAYS_EMBED_SWIFT_STANDARD_LIBRARIES = YES;
				INFOPLIST_FILE = GAME3004Assignment3UITests/Info.plist;
				LD_RUNPATH_SEARCH_PATHS = "$(inherited) @executable_path/Frameworks @loader_path/Frameworks";
				PRODUCT_BUNDLE_IDENTIFIER = Aytona.GAME3004Assignment3UITests;
				PRODUCT_NAME = "$(TARGET_NAME)";
				SWIFT_VERSION = 3.0;
				TEST_TARGET_NAME = GAME3004Assignment3;
			};
			name = Release;
		};
/* End XCBuildConfiguration section */

/* Begin XCConfigurationList section */
		9865E8A71E74AAA900722B03 /* Build configuration list for PBXProject "GAME3004Assignment3" */ = {
			isa = XCConfigurationList;
			buildConfigurations = (
				9865E8D81E74AAAA00722B03 /* Debug */,
				9865E8D91E74AAAA00722B03 /* Release */,
			);
			defaultConfigurationIsVisible = 0;
			defaultConfigurationName = Release;
		};
		9865E8DA1E74AAAA00722B03 /* Build configuration list for PBXNativeTarget "GAME3004Assignment3" */ = {
			isa = XCConfigurationList;
			buildConfigurations = (
				9865E8DB1E74AAAA00722B03 /* Debug */,
				9865E8DC1E74AAAA00722B03 /* Release */,
			);
			defaultConfigurationIsVisible = 0;
			defaultConfigurationName = Release;
		};
		9865E8DD1E74AAAA00722B03 /* Build configuration list for PBXNativeTarget "GAME3004Assignment3Tests" */ = {
			isa = XCConfigurationList;
			buildConfigurations = (
				9865E8DE1E74AAAA00722B03 /* Debug */,
				9865E8DF1E74AAAA00722B03 /* Release */,
			);
			defaultConfigurationIsVisible = 0;
			defaultConfigurationName = Release;
		};
		9865E8E01E74AAAA00722B03 /* Build configuration list for PBXNativeTarget "GAME3004Assignment3UITests" */ = {
			isa = XCConfigurationList;
			buildConfigurations = (
				9865E8E11E74AAAA00722B03 /* Debug */,
				9865E8E21E74AAAA00722B03 /* Release */,
			);
			defaultConfigurationIsVisible = 0;
			defaultConfigurationName = Release;
		};
/* End XCConfigurationList section */
	};
	rootObject = 9865E8A41E74AAA900722B03 /* Project object */;
}
